
Microsoft Visual Studio Solution File, Format Version 12.00
# Visual Studio Version 17
VisualStudioVersion = 17.1.32319.34
MinimumVisualStudioVersion = 10.0.40219.1
Project("{FAE04EC0-301F-11D3-BF4B-00C04F79EFBC}") = "WpfApp1", "WpfApp1\WpfApp1.csproj", "{591EC176-C006-4E63-A98A-643A526567FE}"
EndProject
Project("{FAE04EC0-301F-11D3-BF4B-00C04F79EFBC}") = "UnitTest", "UnitTest\UnitTest.csproj", "{696F4B6E-2312-43BF-B1AE-8DD601494CAE}"
EndProject
Global
	GlobalSection(SolutionConfigurationPlatforms) = preSolution
		Debug|Any CPU = Debug|Any CPU
		Release|Any CPU = Release|Any CPU
	EndGlobalSection
	GlobalSection(ProjectConfigurationPlatforms) = postSolution
		{591EC176-C006-4E63-A98A-643A526567FE}.Debug|Any CPU.ActiveCfg = Debug|Any CPU
		{591EC176-C006-4E63-A98A-643A526567FE}.Debug|Any CPU.Build.0 = Debug|Any CPU
		{591EC176-C006-4E63-A98A-643A526567FE}.Release|Any CPU.ActiveCfg = Release|Any CPU
		{591EC176-C006-4E63-A98A-643A526567FE}.Release|Any CPU.Build.0 = Release|Any CPU
		{696F4B6E-2312-43BF-B1AE-8DD601494CAE}.Debug|Any CPU.ActiveCfg = Debug|Any CPU
		{696F4B6E-2312-43BF-B1AE-8DD601494CAE}.Debug|Any CPU.Build.0 = Debug|Any CPU
		{696F4B6E-2312-43BF-B1AE-8DD601494CAE}.Release|Any CPU.ActiveCfg = Release|Any CPU
		{696F4B6E-2312-43BF-B1AE-8DD601494CAE}.Release|Any CPU.Build.0 = Release|Any CPU
	EndGlobalSection
	GlobalSection(SolutionProperties) = preSolution
		HideSolutionNode = FALSE
	EndGlobalSection
	GlobalSection(ExtensibilityGlobals) = postSolution
		SolutionGuid = {F1F14B86-B03B-4550-B20E-D779AAD12CE9}
	EndGlobalSection
EndGlobal
